
Microsoft Visual Studio Solution File, Format Version 12.00
Project("{FAE04EC0-301F-11D3-BF4B-00C04F79EFBC}") = "SuperSoft", "SuperSoft\SuperSoft.csproj", "{7B730E56-EDE0-4A3F-B5AE-828626C610B3}"
EndProject
Project("{FAE04EC0-301F-11D3-BF4B-00C04F79EFBC}") = "SuperSoft.Domain", "SuperSoft.Domain\SuperSoft.Domain.csproj", "{D0F74E9F-3745-4EC3-8B74-7463E4425298}"
EndProject
Project("{FAE04EC0-301F-11D3-BF4B-00C04F79EFBC}") = "SuperSoft.Persistence", "SuperSoft.Persistence\SuperSoft.Persistence.csproj", "{844743DE-7EDE-44D0-BB01-0183027F44E5}"
EndProject
Project("{FAE04EC0-301F-11D3-BF4B-00C04F79EFBC}") = "Tests", "Tests\Tests.csproj", "{B25C43B7-DD9A-4E57-9A7D-616EB4ABB349}"
EndProject
Global
	GlobalSection(SolutionConfigurationPlatforms) = preSolution
		Debug|Any CPU = Debug|Any CPU
		Release|Any CPU = Release|Any CPU
	EndGlobalSection
	GlobalSection(ProjectConfigurationPlatforms) = postSolution
		{7B730E56-EDE0-4A3F-B5AE-828626C610B3}.Debug|Any CPU.ActiveCfg = Debug|Any CPU
		{7B730E56-EDE0-4A3F-B5AE-828626C610B3}.Debug|Any CPU.Build.0 = Debug|Any CPU
		{7B730E56-EDE0-4A3F-B5AE-828626C610B3}.Release|Any CPU.ActiveCfg = Release|Any CPU
		{7B730E56-EDE0-4A3F-B5AE-828626C610B3}.Release|Any CPU.Build.0 = Release|Any CPU
		{D0F74E9F-3745-4EC3-8B74-7463E4425298}.Debug|Any CPU.ActiveCfg = Debug|Any CPU
		{D0F74E9F-3745-4EC3-8B74-7463E4425298}.Debug|Any CPU.Build.0 = Debug|Any CPU
		{D0F74E9F-3745-4EC3-8B74-7463E4425298}.Release|Any CPU.ActiveCfg = Release|Any CPU
		{D0F74E9F-3745-4EC3-8B74-7463E4425298}.Release|Any CPU.Build.0 = Release|Any CPU
		{844743DE-7EDE-44D0-BB01-0183027F44E5}.Debug|Any CPU.ActiveCfg = Debug|Any CPU
		{844743DE-7EDE-44D0-BB01-0183027F44E5}.Debug|Any CPU.Build.0 = Debug|Any CPU
		{844743DE-7EDE-44D0-BB01-0183027F44E5}.Release|Any CPU.ActiveCfg = Release|Any CPU
		{844743DE-7EDE-44D0-BB01-0183027F44E5}.Release|Any CPU.Build.0 = Release|Any CPU
		{B25C43B7-DD9A-4E57-9A7D-616EB4ABB349}.Debug|Any CPU.ActiveCfg = Debug|Any CPU
		{B25C43B7-DD9A-4E57-9A7D-616EB4ABB349}.Debug|Any CPU.Build.0 = Debug|Any CPU
		{B25C43B7-DD9A-4E57-9A7D-616EB4ABB349}.Release|Any CPU.ActiveCfg = Release|Any CPU
		{B25C43B7-DD9A-4E57-9A7D-616EB4ABB349}.Release|Any CPU.Build.0 = Release|Any CPU
	EndGlobalSection
EndGlobal
